PODS:
  - AEAccordion (1.0.3)
  - AEXibceptionView (1.0.3)
  - ChameleonFramework/Default (2.1.0)
  - ChameleonFramework/Swift (2.1.0):
    - ChameleonFramework/Default
  - JOEmojiableBtn (0.1.0)
  - Koloda (3.1.2):
    - pop (~> 1.0)
  - LiquidFloatingActionButton (1.2.0)
  - pop (1.0.9)
  - PopupDialog (0.5.0)
  - PureLayout (3.0.2)
  - SkyFloatingLabelTextField (1.2.1)
  - SnapKit (0.15.0)
  - SwiftyButton (0.5.0):
    - SwiftyButton/CustomContent (= 0.5.0)
  - SwiftyButton/CustomContent (0.5.0):
    - PureLayout (~> 3.0)

DEPENDENCIES:
  - AEAccordion
  - AEXibceptionView
  - ChameleonFramework/Swift
  - JOEmojiableBtn
  - Koloda (~> 3.1.2)
  - LiquidFloatingActionButton
  - PopupDialog (~> 0.4)
  - SkyFloatingLabelTextField (~> 1.0)
  - SnapKit (~> 0.15.0)
  - SwiftyButton

SPEC CHECKSUMS:
  AEAccordion: 4a6b3b938fc9abe8a20d7e9e238a50a5eae02572
  AEXibceptionView: cb1e5696c2cf1283a8d083406928222c9b59608e
  ChameleonFramework: d21a3cc247abfe5e37609a283a8238b03575cf64
  JOEmojiableBtn: 7e3ca82bbb6b909ffb1f2ba26d9ea4fdfb3aadd4
  Koloda: 5aee353329cd1605540f1215a4c1975481dc7a37
  LiquidFloatingActionButton: 9c28961915754e08cf596ea6bdd60f9cd949f172
  pop: f667631a5108a2e60d9e8797c9b32ddaf2080bce
  PopupDialog: 9890441b81105b9076757af2afe2b037be682f3e
  PureLayout: 4d550abe49a94f24c2808b9b95db9131685fe4cd
  SkyFloatingLabelTextField: 3f6610aded18e778df5cfab3b9e12a11b3e014e9
  SnapKit: 4962eed2ee18e48cbd2b2292fffc57efe7235f87
  SwiftyButton: 7f1c7774a0aa721cbb6ea287742198ea0ee50c05

COCOAPODS: 0.39.0
